// !$*UTF8*$!
{
	archiveVersion = 1;
	classes = {
	};
	objectVersion = 46;
	objects = {

/* Begin PBXBuildFile section */
		183761D41C58A305004DDBD3 /* main.m in Sources */ = {isa = PBXBuildFile; fileRef = 183761D31C58A305004DDBD3 /* main.m */; };
		183761D71C58A305004DDBD3 /* AppDelegate.m in Sources */ = {isa = PBXBuildFile; fileRef = 183761D61C58A305004DDBD3 /* AppDelegate.m */; };
		183761DA1C58A305004DDBD3 /* ViewController.m in Sources */ = {isa = PBXBuildFile; fileRef = 183761D91C58A305004DDBD3 /* ViewController.m */; };
		183761DD1C58A305004DDBD3 /* Main.storyboard in Resources */ = {isa = PBXBuildFile; fileRef = 183761DB1C58A305004DDBD3 /* Main.storyboard */; };
		183761DF1C58A305004DDBD3 /* Assets.xcassets in Resources */ = {isa = PBXBuildFile; fileRef = 183761DE1C58A305004DDBD3 /* Assets.xcassets */; };
		183761E21C58A305004DDBD3 /* LaunchScreen.storyboard in Resources */ = {isa = PBXBuildFile; fileRef = 183761E01C58A305004DDBD3 /* LaunchScreen.storyboard */; };
		183761EA1C58A32F004DDBD3 /* test.html in Resources */ = {isa = PBXBuildFile; fileRef = 183761E91C58A32F004DDBD3 /* test.html */; };
/* End PBXBuildFile section */

/* Begin PBXFileReference section */
		183761CF1C58A305004DDBD3 /* JSTest.app */ = {isa = PBXFileReference; explicitFileType = wrapper.application; includeInIndex = 0; path = JSTest.app; sourceTree = BUILT_PRODUCTS_DIR; };
		183761D31C58A305004DDBD3 /* main.m */ = {isa = PBXFileReference; lastKnownFileType = sourcecode.c.objc; path = main.m; sourceTree = "<group>"; };
		183761D51C58A305004DDBD3 /* AppDelegate.h */ = {isa = PBXFileReference; lastKnownFileType = sourcecode.c.h; path = AppDelegate.h; sourceTree = "<group>"; };
		183761D61C58A305004DDBD3 /* AppDelegate.m */ = {isa = PBXFileReference; lastKnownFileType = sourcecode.c.objc; path = AppDelegate.m; sourceTree = "<group>"; };
		183761D81C58A305004DDBD3 /* ViewController.h */ = {isa = PBXFileReference; lastKnownFileType = sourcecode.c.h; path = ViewController.h; sourceTree = "<group>"; };
		183761D91C58A305004DDBD3 /* ViewController.m */ = {isa = PBXFileReference; lastKnownFileType = sourcecode.c.objc; path = ViewController.m; sourceTree = "<group>"; };
		183761DC1C58A305004DDBD3 /* Base */ = {isa = PBXFileReference; lastKnownFileType = file.storyboard; name = Base; path = Base.lproj/Main.storyboard; sourceTree = "<group>"; };
		183761DE1C58A305004DDBD3 /* Assets.xcassets */ = {isa = PBXFileReference; lastKnownFileType = folder.assetcatalog; path = Assets.xcassets; sourceTree = "<group>"; };
		183761E11C58A305004DDBD3 /* Base */ = {isa = PBXFileReference; lastKnownFileType = file.storyboard; name = Base; path = Base.lproj/LaunchScreen.storyboard; sourceTree = "<group>"; };
		183761E31C58A305004DDBD3 /* Info.plist */ = {isa = PBXFileReference; lastKnownFileType = text.plist.xml; path = Info.plist; sourceTree = "<group>"; };
		183761E91C58A32F004DDBD3 /* test.html */ = {isa = PBXFileReference; fileEncoding = 4; lastKnownFileType = text.html; path = test.html; sourceTree = "<group>"; };
/* End PBXFileReference section */

/* Begin PBXFrameworksBuildPhase section */
		183761CC1C58A305004DDBD3 /* Frameworks */ = {
			isa = PBXFrameworksBuildPhase;
			buildActionMask = 2147483647;
			files = (
			);
			runOnlyForDeploymentPostprocessing = 0;
		};
/* End PBXFrameworksBuildPhase section */

/* Begin PBXGroup section */
		183761C61C58A305004DDBD3 = {
			isa = PBXGroup;
			children = (
				183761D11C58A305004DDBD3 /* JSTest */,
				183761D01C58A305004DDBD3 /* Products */,
			);
			sourceTree = "<group>";
		};
		183761D01C58A305004DDBD3 /* Products */ = {
			isa = PBXGroup;
			children = (
				183761CF1C58A305004DDBD3 /* JSTest.app */,
			);
			name = Products;
			sourceTree = "<group>";
		};
		183761D11C58A305004DDBD3 /* JSTest */ = {
			isa = PBXGroup;
			children = (
				183761E91C58A32F004DDBD3 /* test.html */,
				183761D51C58A305004DDBD3 /* AppDelegate.h */,
				183761D61C58A305004DDBD3 /* AppDelegate.m */,
				183761D81C58A305004DDBD3 /* ViewController.h */,
				183761D91C58A305004DDBD3 /* ViewController.m */,
				183761DB1C58A305004DDBD3 /* Main.storyboard */,
				183761DE1C58A305004DDBD3 /* Assets.xcassets */,
				183761E01C58A305004DDBD3 /* LaunchScreen.storyboard */,
				183761E31C58A305004DDBD3 /* Info.plist */,
				183761D21C58A305004DDBD3 /* Supporting Files */,
			);
			path = JSTest;
			sourceTree = "<group>";
		};
		183761D21C58A305004DDBD3 /* Supporting Files */ = {
			isa = PBXGroup;
			children = (
				183761D31C58A305004DDBD3 /* main.m */,
			);
			name = "Supporting Files";
			sourceTree = "<group>";
		};
/* End PBXGroup section */

/* Begin PBXNativeTarget section */
		183761CE1C58A305004DDBD3 /* JSTest */ = {
			isa = PBXNativeTarget;
			buildConfigurationList = 183761E61C58A305004DDBD3 /* Build configuration list for PBXNativeTarget "JSTest" */;
			buildPhases = (
				183761CB1C58A305004DDBD3 /* Sources */,
				183761CC1C58A305004DDBD3 /* Frameworks */,
				183761CD1C58A305004DDBD3 /* Resources */,
			);
			buildRules = (
			);
			dependencies = (
			);
			name = JSTest;
			productName = JSTest;
			productReference = 183761CF1C58A305004DDBD3 /* JSTest.app */;
			productType = "com.apple.product-type.application";
		};
/* End PBXNativeTarget section */

/* Begin PBXProject section */
		183761C71C58A305004DDBD3 /* Project object */ = {
			isa = PBXProject;
			attributes = {
				LastUpgradeCheck = 0720;
				ORGANIZATIONNAME = "河南大实惠电子商务有限公司";
				TargetAttributes = {
					183761CE1C58A305004DDBD3 = {
						CreatedOnToolsVersion = 7.2;
					};
				};
			};
			buildConfigurationList = 183761CA1C58A305004DDBD3 /* Build configuration list for PBXProject "JSTest" */;
			compatibilityVersion = "Xcode 3.2";
			developmentRegion = English;
			hasScannedForEncodings = 0;
			knownRegions = (
				en,
				Base,
			);
			mainGroup = 183761C61C58A305004DDBD3;
			productRefGroup = 183761D01C58A305004DDBD3 /* Products */;
			projectDirPath = "";
			projectRoot = "";
			targets = (
				183761CE1C58A305004DDBD3 /* JSTest */,
			);
		};
/* End PBXProject section */

/* Begin PBXResourcesBuildPhase section */
		183761CD1C58A305004DDBD3 /* Resources */ = {
			isa = PBXResourcesBuildPhase;
			buildActionMask = 2147483647;
			files = (
				183761EA1C58A32F004DDBD3 /* test.html in Resources */,
				183761E21C58A305004DDBD3 /* LaunchScreen.storyboard in Resources */,
				183761DF1C58A305004DDBD3 /* Assets.xcassets in Resources */,
				183761DD1C58A305004DDBD3 /* Main.storyboard in Resources */,
			);
			runOnlyForDeploymentPostprocessing = 0;
		};
/* End PBXResourcesBuildPhase section */

/* Begin PBXSourcesBuildPhase section */
		183761CB1C58A305004DDBD3 /* Sources */ = {
			isa = PBXSourcesBuildPhase;
			buildActionMask = 2147483647;
			files = (
				183761DA1C58A305004DDBD3 /* ViewController.m in Sources */,
				183761D71C58A305004DDBD3 /* AppDelegate.m in Sources */,
				183761D41C58A305004DDBD3 /* main.m in Sources */,
			);
			runOnlyForDeploymentPostprocessing = 0;
		};
/* End PBXSourcesBuildPhase section */

/* Begin PBXVariantGroup section */
		183761DB1C58A305004DDBD3 /* Main.storyboard */ = {
			isa = PBXVariantGroup;
			children = (
				183761DC1C58A305004DDBD3 /* Base */,
			);
			name = Main.storyboard;
			sourceTree = "<group>";
		};
		183761E01C58A305004DDBD3 /* LaunchScreen.storyboard */ = {
			isa = PBXVariantGroup;
			children = (
				183761E11C58A305004DDBD3 /* Base */,
			);
			name = LaunchScreen.storyboard;
			sourceTree = "<group>";
		};
/* End PBXVariantGroup section */

/* Begin XCBuildConfiguration section */
		183761E41C58A305004DDBD3 /* Debug */ = {
			isa = XCBuildConfiguration;
			buildSettings = {
				ALWAYS_SEARCH_USER_PATHS = NO;
				CLANG_CXX_LANGUAGE_STANDARD = "gnu++0x";
				CLANG_CXX_LIBRARY = "libc++";
				CLANG_ENABLE_MODULES = YES;
				CLANG_ENABLE_OBJC_ARC = YES;
				CLANG_WARN_BOOL_CONVERSION = YES;
				CLANG_WARN_CONSTANT_CONVERSION = YES;
				CLANG_WARN_DIRECT_OBJC_ISA_USAGE = YES_ERROR;
				CLANG_WARN_EMPTY_BODY = YES;
				CLANG_WARN_ENUM_CONVERSION = YES;
				CLANG_WARN_INT_CONVERSION = YES;
				CLANG_WARN_OBJC_ROOT_CLASS = YES_ERROR;
				CLANG_WARN_UNREACHABLE_CODE = YES;
				CLANG_WARN__DUPLICATE_METHOD_MATCH = YES;
				"CODE_SIGN_IDENTITY[sdk=iphoneos*]" = "iPhone Developer";
				COPY_PHASE_STRIP = NO;
				DEBUG_INFORMATION_FORMAT = dwarf;
				ENABLE_STRICT_OBJC_MSGSEND = YES;
				ENABLE_TESTABILITY = YES;
				GCC_C_LANGUAGE_STANDARD = gnu99;
				GCC_DYNAMIC_NO_PIC = NO;
				GCC_NO_COMMON_BLOCKS = YES;
				GCC_OPTIMIZATION_LEVEL = 0;
				GCC_PREPROCESSOR_DEFINITIONS = (
					"DEBUG=1",
					"$(inherited)",
				);
				GCC_WARN_64_TO_32_BIT_CONVERSION = YES;
				GCC_WARN_ABOUT_RETURN_TYPE = YES_ERROR;
				GCC_WARN_UNDECLARED_SELECTOR = YES;
				GCC_WARN_UNINITIALIZED_AUTOS = YES_AGGRESSIVE;
				GCC_WARN_UNUSED_FUNCTION = YES;
				GCC_WARN_UNUSED_VARIABLE = YES;
				IPHONEOS_DEPLOYMENT_TARGET = 9.2;
				MTL_ENABLE_DEBUG_INFO = YES;
				ONLY_ACTIVE_ARCH = YES;
				SDKROOT = iphoneos;
			};
			name = Debug;
		};
		183761E51C58A305004DDBD3 /* Release */ = {
			isa = XCBuildConfiguration;
			buildSettings = {
				ALWAYS_SEARCH_USER_PATHS = NO;
				CLANG_CXX_LANGUAGE_STANDARD = "gnu++0x";
				CLANG_CXX_LIBRARY = "libc++";
				CLANG_ENABLE_MODULES = YES;
				CLANG_ENABLE_OBJC_ARC = YES;
				CLANG_WARN_BOOL_CONVERSION = YES;
				CLANG_WARN_CONSTANT_CONVERSION = YES;
				CLANG_WARN_DIRECT_OBJC_ISA_USAGE = YES_ERROR;
				CLANG_WARN_EMPTY_BODY = YES;
				CLANG_WARN_ENUM_CONVERSION = YES;
				CLANG_WARN_INT_CONVERSION = YES;
				CLANG_WARN_OBJC_ROOT_CLASS = YES_ERROR;
				CLANG_WARN_UNREACHABLE_CODE = YES;
				CLANG_WARN__DUPLICATE_METHOD_MATCH = YES;
				"CODE_SIGN_IDENTITY[sdk=iphoneos*]" = "iPhone Developer";
				COPY_PHASE_STRIP = NO;
				DEBUG_INFORMATION_FORMAT = "dwarf-with-dsym";
				ENABLE_NS_ASSERTIONS = NO;
				ENABLE_STRICT_OBJC_MSGSEND = YES;
				GCC_C_LANGUAGE_STANDARD = gnu99;
				GCC_NO_COMMON_BLOCKS = YES;
				GCC_WARN_64_TO_32_BIT_CONVERSION = YES;
				GCC_WARN_ABOUT_RETURN_TYPE = YES_ERROR;
				GCC_WARN_UNDECLARED_SELECTOR = YES;
				GCC_WARN_UNINITIALIZED_AUTOS = YES_AGGRESSIVE;
				GCC_WARN_UNUSED_FUNCTION = YES;
				GCC_WARN_UNUSED_VARIABLE = YES;
				IPHONEOS_DEPLOYMENT_TARGET = 9.2;
				MTL_ENABLE_DEBUG_INFO = NO;
				SDKROOT = iphoneos;
				VALIDATE_PRODUCT = YES;
			};
			name = Release;
		};
		183761E71C58A305004DDBD3 /* Debug */ = {
			isa = XCBuildConfiguration;
			buildSettings = {
				ASSETCATALOG_COMPILER_APPICON_NAME = AppIcon;
				INFOPLIST_FILE = JSTest/Info.plist;
				LD_RUNPATH_SEARCH_PATHS = "$(inherited) @executable_path/Frameworks";
				PRODUCT_BUNDLE_IDENTIFIER = com.AffordSuperMarket.soft.JSTest;
				PRODUCT_NAME = "$(TARGET_NAME)";
			};
			name = Debug;
		};
		183761E81C58A305004DDBD3 /* Release */ = {
			isa = XCBuildConfiguration;
			buildSettings = {
				ASSETCATALOG_COMPILER_APPICON_NAME = AppIcon;
				INFOPLIST_FILE = JSTest/Info.plist;
				LD_RUNPATH_SEARCH_PATHS = "$(inherited) @executable_path/Frameworks";
				PRODUCT_BUNDLE_IDENTIFIER = com.AffordSuperMarket.soft.JSTest;
				PRODUCT_NAME = "$(TARGET_NAME)";
			};
			name = Release;
		};
/* End XCBuildConfiguration section */

/* Begin XCConfigurationList section */
		183761CA1C58A305004DDBD3 /* Build configuration list for PBXProject "JSTest" */ = {
			isa = XCConfigurationList;
			buildConfigurations = (
				183761E41C58A305004DDBD3 /* Debug */,
				183761E51C58A305004DDBD3 /* Release */,
			);
			defaultConfigurationIsVisible = 0;
			defaultConfigurationName = Release;
		};
		183761E61C58A305004DDBD3 /* Build configuration list for PBXNativeTarget "JSTest" */ = {
			isa = XCConfigurationList;
			buildConfigurations = (
				183761E71C58A305004DDBD3 /* Debug */,
				183761E81C58A305004DDBD3 /* Release */,
			);
			defaultConfigurationIsVisible = 0;
		};
/* End XCConfigurationList section */
	};
	rootObject = 183761C71C58A305004DDBD3 /* Project object */;
}
